# This file was generated by Aiken
# You typically do not need to edit this file

[[requirements]]
name = "aiken-lang/stdlib"
version = "main"
source = "github"

[[requirements]]
name = "aiken-lang/fuzz"
version = "main"
source = "github"

[[packages]]
name = "aiken-lang/stdlib"
version = "main"
requirements = []
source = "github"

[[packages]]
name = "aiken-lang/fuzz"
version = "main"
requirements = []
source = "github"

[etags]
"aiken-lang/fuzz@main" = [{ secs_since_epoch = 1710134370, nanos_since_epoch = 736779274 }, "c5d0e99d3716ec37c99ed14dbbc183fe06cb6530a9a2387f3624c55943c04c75"]
"aiken-lang/stdlib@main" = [{ secs_since_epoch = 1710134370, nanos_since_epoch = 546899413 }, "17605e6f00494c5ea701a06deff6958be289c09d088009248e0f2c4eee4ab0ee"]
