# This file was generated by Aiken
# You typically do not need to edit this file

[[requirements]]
name = "aiken-lang/stdlib"
version = "main"
source = "github"

[[packages]]
name = "aiken-lang/stdlib"
version = "main"
requirements = []
source = "github"

[etags]
"aiken-lang/stdlib@main" = [{ secs_since_epoch = 1716680697, nanos_since_epoch = 311385814 }, "dfda6bc70aad760f7f836c0db06b07e0a398bb3667f4d944d7d7255d54a454af"]
